{
  "originHash" : "809e3bec898ea9c621b9bda18cb1738c99e028fdf7d2d9b90b0ee8811b58e927",
  "pins" : [
    {
      "identity" : "cryokit",
      "kind" : "remoteSourceControl",
      "location" : "https://github.com/fluhartyml/CryoKit",
      "state" : {
        "branch" : "main",
        "revision" : "f5562728edffa0888f7c7c5baffcb4a4c5d75072"
      }
    }
  ],
  "version" : 3
}
